
Microsoft Visual Studio Solution File, Format Version 12.00
# Visual Studio 15
VisualStudioVersion = 15.0.27703.1
MinimumVisualStudioVersion = 10.0.40219.1
Project("{FAE04EC0-301F-11D3-BF4B-00C04F79EFBC}") = "LatihanADONET", "LatihanADONET\LatihanADONET.csproj", "{30BC1B39-B9FC-4B2A-88F9-7FFBD2B6A64C}"
EndProject
Global
	GlobalSection(SolutionConfigurationPlatforms) = preSolution
		Debug|Any CPU = Debug|Any CPU
		Release|Any CPU = Release|Any CPU
	EndGlobalSection
	GlobalSection(ProjectConfigurationPlatforms) = postSolution
		{30BC1B39-B9FC-4B2A-88F9-7FFBD2B6A64C}.Debug|Any CPU.ActiveCfg = Debug|Any CPU
		{30BC1B39-B9FC-4B2A-88F9-7FFBD2B6A64C}.Debug|Any CPU.Build.0 = Debug|Any CPU
		{30BC1B39-B9FC-4B2A-88F9-7FFBD2B6A64C}.Release|Any CPU.ActiveCfg = Release|Any CPU
		{30BC1B39-B9FC-4B2A-88F9-7FFBD2B6A64C}.Release|Any CPU.Build.0 = Release|Any CPU
	EndGlobalSection
	GlobalSection(SolutionProperties) = preSolution
		HideSolutionNode = FALSE
	EndGlobalSection
	GlobalSection(ExtensibilityGlobals) = postSolution
		SolutionGuid = {832143B9-874A-450B-BB74-F6F995443F21}
	EndGlobalSection
EndGlobal
